
Microsoft Visual Studio Solution File, Format Version 12.00
# Visual Studio Version 17
VisualStudioVersion = 17.0.31611.283
MinimumVisualStudioVersion = 10.0.40219.1
Project("{9A19103F-16F7-4668-BE54-9A1E7A4F7556}") = "CarListApp", "CarListApp.csproj", "{4883B2F7-178F-4374-AA24-D9AB35B8F152}"
EndProject
Project("{9A19103F-16F7-4668-BE54-9A1E7A4F7556}") = "CarListApp.Api", "..\CarListApp.Api\CarListApp.Api.csproj", "{307AE1DE-6A99-4691-AC6D-F03389289482}"
EndProject
Global
	GlobalSection(SolutionConfigurationPlatforms) = preSolution
		Debug|Any CPU = Debug|Any CPU
		Release|Any CPU = Release|Any CPU
	EndGlobalSection
	GlobalSection(ProjectConfigurationPlatforms) = postSolution
		{4883B2F7-178F-4374-AA24-D9AB35B8F152}.Debug|Any CPU.ActiveCfg = Debug|Any CPU
		{4883B2F7-178F-4374-AA24-D9AB35B8F152}.Debug|Any CPU.Build.0 = Debug|Any CPU
		{4883B2F7-178F-4374-AA24-D9AB35B8F152}.Debug|Any CPU.Deploy.0 = Debug|Any CPU
		{4883B2F7-178F-4374-AA24-D9AB35B8F152}.Release|Any CPU.ActiveCfg = Release|Any CPU
		{4883B2F7-178F-4374-AA24-D9AB35B8F152}.Release|Any CPU.Build.0 = Release|Any CPU
		{307AE1DE-6A99-4691-AC6D-F03389289482}.Debug|Any CPU.ActiveCfg = Debug|Any CPU
		{307AE1DE-6A99-4691-AC6D-F03389289482}.Debug|Any CPU.Build.0 = Debug|Any CPU
		{307AE1DE-6A99-4691-AC6D-F03389289482}.Release|Any CPU.ActiveCfg = Release|Any CPU
		{307AE1DE-6A99-4691-AC6D-F03389289482}.Release|Any CPU.Build.0 = Release|Any CPU
	EndGlobalSection
	GlobalSection(SolutionProperties) = preSolution
		HideSolutionNode = FALSE
	EndGlobalSection
	GlobalSection(ExtensibilityGlobals) = postSolution
		SolutionGuid = {CE90E376-0458-47D7-8D11-27DF5F78BF53}
	EndGlobalSection
EndGlobal
